
Microsoft Visual Studio Solution File, Format Version 12.00
# Visual Studio Version 16
VisualStudioVersion = 16.0.32413.511
MinimumVisualStudioVersion = 10.0.40219.1
Project("{FAE04EC0-301F-11D3-BF4B-00C04F79EFBC}") = "ParkyAPI", "ParkyAPI\ParkyAPI.csproj", "{68984AF0-23DB-45E8-8474-782FBE64D13F}"
EndProject
Project("{FAE04EC0-301F-11D3-BF4B-00C04F79EFBC}") = "ParkyWeb", "ParkyWeb\ParkyWeb.csproj", "{73D3EC82-BD78-4A4E-A5DE-84CD36580672}"
EndProject
Global
	GlobalSection(SolutionConfigurationPlatforms) = preSolution
		Debug|Any CPU = Debug|Any CPU
		Release|Any CPU = Release|Any CPU
	EndGlobalSection
	GlobalSection(ProjectConfigurationPlatforms) = postSolution
		{68984AF0-23DB-45E8-8474-782FBE64D13F}.Debug|Any CPU.ActiveCfg = Debug|Any CPU
		{68984AF0-23DB-45E8-8474-782FBE64D13F}.Debug|Any CPU.Build.0 = Debug|Any CPU
		{68984AF0-23DB-45E8-8474-782FBE64D13F}.Release|Any CPU.ActiveCfg = Release|Any CPU
		{68984AF0-23DB-45E8-8474-782FBE64D13F}.Release|Any CPU.Build.0 = Release|Any CPU
		{73D3EC82-BD78-4A4E-A5DE-84CD36580672}.Debug|Any CPU.ActiveCfg = Debug|Any CPU
		{73D3EC82-BD78-4A4E-A5DE-84CD36580672}.Debug|Any CPU.Build.0 = Debug|Any CPU
		{73D3EC82-BD78-4A4E-A5DE-84CD36580672}.Release|Any CPU.ActiveCfg = Release|Any CPU
		{73D3EC82-BD78-4A4E-A5DE-84CD36580672}.Release|Any CPU.Build.0 = Release|Any CPU
	EndGlobalSection
	GlobalSection(SolutionProperties) = preSolution
		HideSolutionNode = FALSE
	EndGlobalSection
	GlobalSection(ExtensibilityGlobals) = postSolution
		SolutionGuid = {9A157912-49A2-4348-B7D3-C7AE68E7A9A2}
	EndGlobalSection
EndGlobal
